
Microsoft Visual Studio Solution File, Format Version 12.00
# Visual Studio Version 17
VisualStudioVersion = 17.14.36414.22
MinimumVisualStudioVersion = 10.0.40219.1
Project("{FAE04EC0-301F-11D3-BF4B-00C04F79EFBC}") = "HelloWorld", "HelloWorld\HelloWorld.csproj", "{879C27E5-382A-4937-9A4A-C52514D6003E}"
EndProject
Project("{FAE04EC0-301F-11D3-BF4B-00C04F79EFBC}") = "DataTypes", "DataTypes\DataTypes.csproj", "{28DD2F19-D1A5-4F3C-8BA6-F24E05826DD5}"
EndProject
Project("{FAE04EC0-301F-11D3-BF4B-00C04F79EFBC}") = "OutputApp", "OutputApp\OutputApp.csproj", "{241EFA8A-DDE9-4BE9-A0E2-1B5277C62280}"
EndProject
Project("{FAE04EC0-301F-11D3-BF4B-00C04F79EFBC}") = "ReadApp", "ReadApp\ReadApp.csproj", "{3C167BA4-252E-4DAE-B174-359773760592}"
EndProject
Project("{FAE04EC0-301F-11D3-BF4B-00C04F79EFBC}") = "ArgsApp", "ArgsApp\ArgsApp.csproj", "{F5E67A7A-6522-405C-89B9-BE89DE7B2530}"
EndProject
Project("{FAE04EC0-301F-11D3-BF4B-00C04F79EFBC}") = "ExpressionsApp", "ExpressionsApp\ExpressionsApp.csproj", "{EDF920A4-9F8B-4CE0-A89F-4BD05B5BEFB9}"
EndProject
Project("{FAE04EC0-301F-11D3-BF4B-00C04F79EFBC}") = "FactorialApp", "FactorialApp\FactorialApp.csproj", "{8DCCEC5E-0FFD-450A-BE27-03C391A42E55}"
EndProject
Project("{FAE04EC0-301F-11D3-BF4B-00C04F79EFBC}") = "FiboIterativeApp", "FiboIterativeApp\FiboIterativeApp.csproj", "{060D7627-65F3-41B1-A75C-C1CDF62437F2}"
EndProject
Project("{FAE04EC0-301F-11D3-BF4B-00C04F79EFBC}") = "FiboWithArray", "FiboWithArray\FiboWithArray.csproj", "{9678EFFC-1DB5-4649-8D58-7536985E3F49}"
EndProject
Project("{2150E333-8FDC-42A3-9474-1A3956D46DE8}") = "Solution Items", "Solution Items", "{8EC462FD-D22E-90A8-E5CE-7E832BA40C5D}"
	ProjectSection(SolutionItems) = preProject
		.gitignore = .gitignore
	EndProjectSection
EndProject
Project("{FAE04EC0-301F-11D3-BF4B-00C04F79EFBC}") = "IgnoreNegatives", "IgnoreNegatives\IgnoreNegatives.csproj", "{5C190317-A8DC-49D8-BD46-E6C9067C5CB7}"
EndProject
Project("{FAE04EC0-301F-11D3-BF4B-00C04F79EFBC}") = "PowerApp", "PowerApp\PowerApp.csproj", "{2CA6FD40-9309-408B-9654-77CF4A21FA1D}"
EndProject
Project("{FAE04EC0-301F-11D3-BF4B-00C04F79EFBC}") = "PrimesApp", "PrimesApp\PrimesApp.csproj", "{EC63278F-5A0E-47A7-9FA4-0AB7EAF80C78}"
EndProject
Project("{FAE04EC0-301F-11D3-BF4B-00C04F79EFBC}") = "WriteTriangleApp", "WriteTriangleApp\WriteTriangleApp.csproj", "{83E52604-BD0B-4E0D-A44F-026577CD6E8A}"
EndProject
Project("{FAE04EC0-301F-11D3-BF4B-00C04F79EFBC}") = "ArraysOneDim", "ArraysOneDim\ArraysOneDim.csproj", "{9FA9CFB6-7B0D-4AD0-8194-57DCEB1A70E4}"
EndProject
Project("{FAE04EC0-301F-11D3-BF4B-00C04F79EFBC}") = "Max2x2App", "Max2x2App\Max2x2App.csproj", "{D4673380-2DC8-4DD2-B165-0F7523D68045}"
EndProject
Project("{FAE04EC0-301F-11D3-BF4B-00C04F79EFBC}") = "ArraysToDim", "ArraysToDim\ArraysToDim.csproj", "{5C9A2BB5-71ED-4F3A-B55E-0BA41F1C9566}"
EndProject
Project("{FAE04EC0-301F-11D3-BF4B-00C04F79EFBC}") = "StringApp", "StringApp\StringApp.csproj", "{49F970B9-3343-4050-8636-E0C1C563604F}"
EndProject
Project("{FAE04EC0-301F-11D3-BF4B-00C04F79EFBC}") = "NullableStrings", "NullableStrings\NullableStrings.csproj", "{8BC062A3-ED86-45CF-A9F2-2EF55493C85B}"
EndProject
Project("{FAE04EC0-301F-11D3-BF4B-00C04F79EFBC}") = "RegEx", "RegEx\RegEx.csproj", "{B9991C60-EEC1-4B7C-AA77-99BF25225559}"
EndProject
Project("{FAE04EC0-301F-11D3-BF4B-00C04F79EFBC}") = "GradesApp", "GradesApp\GradesApp.csproj", "{137253E4-FA27-4241-B833-B5ABF7292108}"
EndProject
Project("{FAE04EC0-301F-11D3-BF4B-00C04F79EFBC}") = "SwappApp", "SwappApp\SwappApp.csproj", "{E28F50D7-AD33-4A28-A1CD-0A67E7661F7F}"
EndProject
Project("{FAE04EC0-301F-11D3-BF4B-00C04F79EFBC}") = "ParamsApp", "ParamsApp\ParamsApp.csproj", "{A462B9B0-D1C7-4500-8FA9-5DFF64F2A7FB}"
EndProject
Project("{FAE04EC0-301F-11D3-BF4B-00C04F79EFBC}") = "OptionalParams", "OptionalParams\OptionalParams.csproj", "{551BD45F-A616-4B7A-A853-7D7EECE44C9E}"
EndProject
Project("{FAE04EC0-301F-11D3-BF4B-00C04F79EFBC}") = "MethodOverload", "MethodOverload\MethodOverload.csproj", "{4D721FDB-1FEC-466B-A7D3-D96C3C497896}"
EndProject
Project("{FAE04EC0-301F-11D3-BF4B-00C04F79EFBC}") = "OOApp", "OOApp\OOApp.csproj", "{149D22D2-1C37-4A64-BADB-570807ABE4F6}"
EndProject
Project("{FAE04EC0-301F-11D3-BF4B-00C04F79EFBC}") = "AcountApp", "AcountApp\AcountApp.csproj", "{0A975D7B-EFA1-47AE-98EF-FFFC7B91F3CB}"
EndProject
Global
	GlobalSection(SolutionConfigurationPlatforms) = preSolution
		Debug|Any CPU = Debug|Any CPU
		Release|Any CPU = Release|Any CPU
	EndGlobalSection
	GlobalSection(ProjectConfigurationPlatforms) = postSolution
		{879C27E5-382A-4937-9A4A-C52514D6003E}.Debug|Any CPU.ActiveCfg = Debug|Any CPU
		{879C27E5-382A-4937-9A4A-C52514D6003E}.Debug|Any CPU.Build.0 = Debug|Any CPU
		{879C27E5-382A-4937-9A4A-C52514D6003E}.Release|Any CPU.ActiveCfg = Release|Any CPU
		{879C27E5-382A-4937-9A4A-C52514D6003E}.Release|Any CPU.Build.0 = Release|Any CPU
		{28DD2F19-D1A5-4F3C-8BA6-F24E05826DD5}.Debug|Any CPU.ActiveCfg = Debug|Any CPU
		{28DD2F19-D1A5-4F3C-8BA6-F24E05826DD5}.Debug|Any CPU.Build.0 = Debug|Any CPU
		{28DD2F19-D1A5-4F3C-8BA6-F24E05826DD5}.Release|Any CPU.ActiveCfg = Release|Any CPU
		{28DD2F19-D1A5-4F3C-8BA6-F24E05826DD5}.Release|Any CPU.Build.0 = Release|Any CPU
		{241EFA8A-DDE9-4BE9-A0E2-1B5277C62280}.Debug|Any CPU.ActiveCfg = Debug|Any CPU
		{241EFA8A-DDE9-4BE9-A0E2-1B5277C62280}.Debug|Any CPU.Build.0 = Debug|Any CPU
		{241EFA8A-DDE9-4BE9-A0E2-1B5277C62280}.Release|Any CPU.ActiveCfg = Release|Any CPU
		{241EFA8A-DDE9-4BE9-A0E2-1B5277C62280}.Release|Any CPU.Build.0 = Release|Any CPU
		{3C167BA4-252E-4DAE-B174-359773760592}.Debug|Any CPU.ActiveCfg = Debug|Any CPU
		{3C167BA4-252E-4DAE-B174-359773760592}.Debug|Any CPU.Build.0 = Debug|Any CPU
		{3C167BA4-252E-4DAE-B174-359773760592}.Release|Any CPU.ActiveCfg = Release|Any CPU
		{3C167BA4-252E-4DAE-B174-359773760592}.Release|Any CPU.Build.0 = Release|Any CPU
		{F5E67A7A-6522-405C-89B9-BE89DE7B2530}.Debug|Any CPU.ActiveCfg = Debug|Any CPU
		{F5E67A7A-6522-405C-89B9-BE89DE7B2530}.Debug|Any CPU.Build.0 = Debug|Any CPU
		{F5E67A7A-6522-405C-89B9-BE89DE7B2530}.Release|Any CPU.ActiveCfg = Release|Any CPU
		{F5E67A7A-6522-405C-89B9-BE89DE7B2530}.Release|Any CPU.Build.0 = Release|Any CPU
		{EDF920A4-9F8B-4CE0-A89F-4BD05B5BEFB9}.Debug|Any CPU.ActiveCfg = Debug|Any CPU
		{EDF920A4-9F8B-4CE0-A89F-4BD05B5BEFB9}.Debug|Any CPU.Build.0 = Debug|Any CPU
		{EDF920A4-9F8B-4CE0-A89F-4BD05B5BEFB9}.Release|Any CPU.ActiveCfg = Release|Any CPU
		{EDF920A4-9F8B-4CE0-A89F-4BD05B5BEFB9}.Release|Any CPU.Build.0 = Release|Any CPU
		{8DCCEC5E-0FFD-450A-BE27-03C391A42E55}.Debug|Any CPU.ActiveCfg = Debug|Any CPU
		{8DCCEC5E-0FFD-450A-BE27-03C391A42E55}.Debug|Any CPU.Build.0 = Debug|Any CPU
		{8DCCEC5E-0FFD-450A-BE27-03C391A42E55}.Release|Any CPU.ActiveCfg = Release|Any CPU
		{8DCCEC5E-0FFD-450A-BE27-03C391A42E55}.Release|Any CPU.Build.0 = Release|Any CPU
		{060D7627-65F3-41B1-A75C-C1CDF62437F2}.Debug|Any CPU.ActiveCfg = Debug|Any CPU
		{060D7627-65F3-41B1-A75C-C1CDF62437F2}.Debug|Any CPU.Build.0 = Debug|Any CPU
		{060D7627-65F3-41B1-A75C-C1CDF62437F2}.Release|Any CPU.ActiveCfg = Release|Any CPU
		{060D7627-65F3-41B1-A75C-C1CDF62437F2}.Release|Any CPU.Build.0 = Release|Any CPU
		{9678EFFC-1DB5-4649-8D58-7536985E3F49}.Debug|Any CPU.ActiveCfg = Debug|Any CPU
		{9678EFFC-1DB5-4649-8D58-7536985E3F49}.Debug|Any CPU.Build.0 = Debug|Any CPU
		{9678EFFC-1DB5-4649-8D58-7536985E3F49}.Release|Any CPU.ActiveCfg = Release|Any CPU
		{9678EFFC-1DB5-4649-8D58-7536985E3F49}.Release|Any CPU.Build.0 = Release|Any CPU
		{5C190317-A8DC-49D8-BD46-E6C9067C5CB7}.Debug|Any CPU.ActiveCfg = Debug|Any CPU
		{5C190317-A8DC-49D8-BD46-E6C9067C5CB7}.Debug|Any CPU.Build.0 = Debug|Any CPU
		{5C190317-A8DC-49D8-BD46-E6C9067C5CB7}.Release|Any CPU.ActiveCfg = Release|Any CPU
		{5C190317-A8DC-49D8-BD46-E6C9067C5CB7}.Release|Any CPU.Build.0 = Release|Any CPU
		{2CA6FD40-9309-408B-9654-77CF4A21FA1D}.Debug|Any CPU.ActiveCfg = Debug|Any CPU
		{2CA6FD40-9309-408B-9654-77CF4A21FA1D}.Debug|Any CPU.Build.0 = Debug|Any CPU
		{2CA6FD40-9309-408B-9654-77CF4A21FA1D}.Release|Any CPU.ActiveCfg = Release|Any CPU
		{2CA6FD40-9309-408B-9654-77CF4A21FA1D}.Release|Any CPU.Build.0 = Release|Any CPU
		{EC63278F-5A0E-47A7-9FA4-0AB7EAF80C78}.Debug|Any CPU.ActiveCfg = Debug|Any CPU
		{EC63278F-5A0E-47A7-9FA4-0AB7EAF80C78}.Debug|Any CPU.Build.0 = Debug|Any CPU
		{EC63278F-5A0E-47A7-9FA4-0AB7EAF80C78}.Release|Any CPU.ActiveCfg = Release|Any CPU
		{EC63278F-5A0E-47A7-9FA4-0AB7EAF80C78}.Release|Any CPU.Build.0 = Release|Any CPU
		{83E52604-BD0B-4E0D-A44F-026577CD6E8A}.Debug|Any CPU.ActiveCfg = Debug|Any CPU
		{83E52604-BD0B-4E0D-A44F-026577CD6E8A}.Debug|Any CPU.Build.0 = Debug|Any CPU
		{83E52604-BD0B-4E0D-A44F-026577CD6E8A}.Release|Any CPU.ActiveCfg = Release|Any CPU
		{83E52604-BD0B-4E0D-A44F-026577CD6E8A}.Release|Any CPU.Build.0 = Release|Any CPU
		{9FA9CFB6-7B0D-4AD0-8194-57DCEB1A70E4}.Debug|Any CPU.ActiveCfg = Debug|Any CPU
		{9FA9CFB6-7B0D-4AD0-8194-57DCEB1A70E4}.Debug|Any CPU.Build.0 = Debug|Any CPU
		{9FA9CFB6-7B0D-4AD0-8194-57DCEB1A70E4}.Release|Any CPU.ActiveCfg = Release|Any CPU
		{9FA9CFB6-7B0D-4AD0-8194-57DCEB1A70E4}.Release|Any CPU.Build.0 = Release|Any CPU
		{D4673380-2DC8-4DD2-B165-0F7523D68045}.Debug|Any CPU.ActiveCfg = Debug|Any CPU
		{D4673380-2DC8-4DD2-B165-0F7523D68045}.Debug|Any CPU.Build.0 = Debug|Any CPU
		{D4673380-2DC8-4DD2-B165-0F7523D68045}.Release|Any CPU.ActiveCfg = Release|Any CPU
		{D4673380-2DC8-4DD2-B165-0F7523D68045}.Release|Any CPU.Build.0 = Release|Any CPU
		{5C9A2BB5-71ED-4F3A-B55E-0BA41F1C9566}.Debug|Any CPU.ActiveCfg = Debug|Any CPU
		{5C9A2BB5-71ED-4F3A-B55E-0BA41F1C9566}.Debug|Any CPU.Build.0 = Debug|Any CPU
		{5C9A2BB5-71ED-4F3A-B55E-0BA41F1C9566}.Release|Any CPU.ActiveCfg = Release|Any CPU
		{5C9A2BB5-71ED-4F3A-B55E-0BA41F1C9566}.Release|Any CPU.Build.0 = Release|Any CPU
		{49F970B9-3343-4050-8636-E0C1C563604F}.Debug|Any CPU.ActiveCfg = Debug|Any CPU
		{49F970B9-3343-4050-8636-E0C1C563604F}.Debug|Any CPU.Build.0 = Debug|Any CPU
		{49F970B9-3343-4050-8636-E0C1C563604F}.Release|Any CPU.ActiveCfg = Release|Any CPU
		{49F970B9-3343-4050-8636-E0C1C563604F}.Release|Any CPU.Build.0 = Release|Any CPU
		{8BC062A3-ED86-45CF-A9F2-2EF55493C85B}.Debug|Any CPU.ActiveCfg = Debug|Any CPU
		{8BC062A3-ED86-45CF-A9F2-2EF55493C85B}.Debug|Any CPU.Build.0 = Debug|Any CPU
		{8BC062A3-ED86-45CF-A9F2-2EF55493C85B}.Release|Any CPU.ActiveCfg = Release|Any CPU
		{8BC062A3-ED86-45CF-A9F2-2EF55493C85B}.Release|Any CPU.Build.0 = Release|Any CPU
		{B9991C60-EEC1-4B7C-AA77-99BF25225559}.Debug|Any CPU.ActiveCfg = Debug|Any CPU
		{B9991C60-EEC1-4B7C-AA77-99BF25225559}.Debug|Any CPU.Build.0 = Debug|Any CPU
		{B9991C60-EEC1-4B7C-AA77-99BF25225559}.Release|Any CPU.ActiveCfg = Release|Any CPU
		{B9991C60-EEC1-4B7C-AA77-99BF25225559}.Release|Any CPU.Build.0 = Release|Any CPU
		{137253E4-FA27-4241-B833-B5ABF7292108}.Debug|Any CPU.ActiveCfg = Debug|Any CPU
		{137253E4-FA27-4241-B833-B5ABF7292108}.Debug|Any CPU.Build.0 = Debug|Any CPU
		{137253E4-FA27-4241-B833-B5ABF7292108}.Release|Any CPU.ActiveCfg = Release|Any CPU
		{137253E4-FA27-4241-B833-B5ABF7292108}.Release|Any CPU.Build.0 = Release|Any CPU
		{E28F50D7-AD33-4A28-A1CD-0A67E7661F7F}.Debug|Any CPU.ActiveCfg = Debug|Any CPU
		{E28F50D7-AD33-4A28-A1CD-0A67E7661F7F}.Debug|Any CPU.Build.0 = Debug|Any CPU
		{E28F50D7-AD33-4A28-A1CD-0A67E7661F7F}.Release|Any CPU.ActiveCfg = Release|Any CPU
		{E28F50D7-AD33-4A28-A1CD-0A67E7661F7F}.Release|Any CPU.Build.0 = Release|Any CPU
		{A462B9B0-D1C7-4500-8FA9-5DFF64F2A7FB}.Debug|Any CPU.ActiveCfg = Debug|Any CPU
		{A462B9B0-D1C7-4500-8FA9-5DFF64F2A7FB}.Debug|Any CPU.Build.0 = Debug|Any CPU
		{A462B9B0-D1C7-4500-8FA9-5DFF64F2A7FB}.Release|Any CPU.ActiveCfg = Release|Any CPU
		{A462B9B0-D1C7-4500-8FA9-5DFF64F2A7FB}.Release|Any CPU.Build.0 = Release|Any CPU
		{551BD45F-A616-4B7A-A853-7D7EECE44C9E}.Debug|Any CPU.ActiveCfg = Debug|Any CPU
		{551BD45F-A616-4B7A-A853-7D7EECE44C9E}.Debug|Any CPU.Build.0 = Debug|Any CPU
		{551BD45F-A616-4B7A-A853-7D7EECE44C9E}.Release|Any CPU.ActiveCfg = Release|Any CPU
		{551BD45F-A616-4B7A-A853-7D7EECE44C9E}.Release|Any CPU.Build.0 = Release|Any CPU
		{4D721FDB-1FEC-466B-A7D3-D96C3C497896}.Debug|Any CPU.ActiveCfg = Debug|Any CPU
		{4D721FDB-1FEC-466B-A7D3-D96C3C497896}.Debug|Any CPU.Build.0 = Debug|Any CPU
		{4D721FDB-1FEC-466B-A7D3-D96C3C497896}.Release|Any CPU.ActiveCfg = Release|Any CPU
		{4D721FDB-1FEC-466B-A7D3-D96C3C497896}.Release|Any CPU.Build.0 = Release|Any CPU
		{149D22D2-1C37-4A64-BADB-570807ABE4F6}.Debug|Any CPU.ActiveCfg = Debug|Any CPU
		{149D22D2-1C37-4A64-BADB-570807ABE4F6}.Debug|Any CPU.Build.0 = Debug|Any CPU
		{149D22D2-1C37-4A64-BADB-570807ABE4F6}.Release|Any CPU.ActiveCfg = Release|Any CPU
		{149D22D2-1C37-4A64-BADB-570807ABE4F6}.Release|Any CPU.Build.0 = Release|Any CPU
		{0A975D7B-EFA1-47AE-98EF-FFFC7B91F3CB}.Debug|Any CPU.ActiveCfg = Debug|Any CPU
		{0A975D7B-EFA1-47AE-98EF-FFFC7B91F3CB}.Debug|Any CPU.Build.0 = Debug|Any CPU
		{0A975D7B-EFA1-47AE-98EF-FFFC7B91F3CB}.Release|Any CPU.ActiveCfg = Release|Any CPU
		{0A975D7B-EFA1-47AE-98EF-FFFC7B91F3CB}.Release|Any CPU.Build.0 = Release|Any CPU
	EndGlobalSection
	GlobalSection(SolutionProperties) = preSolution
		HideSolutionNode = FALSE
	EndGlobalSection
	GlobalSection(ExtensibilityGlobals) = postSolution
		SolutionGuid = {6F523AF6-9876-4B60-B17F-0D09A3D92DE6}
	EndGlobalSection
EndGlobal
